
Microsoft Visual Studio Solution File, Format Version 12.00
# Visual Studio Version 16
VisualStudioVersion = 16.0.30310.162
MinimumVisualStudioVersion = 10.0.40219.1
Project("{9A19103F-16F7-4668-BE54-9A1E7A4F7556}") = "Primer", "Primer\Primer.csproj", "{18C7BC1E-C12C-4312-944F-4ECB94A52E14}"
EndProject
Project("{9A19103F-16F7-4668-BE54-9A1E7A4F7556}") = "PrimerLibrary", "PrimerLibrary\PrimerLibrary.csproj", "{16405443-9B96-4AC8-B37A-3ADA0C65E8C8}"
EndProject
Project("{2150E333-8FDC-42A3-9474-1A3956D46DE8}") = "Solution Items", "Solution Items", "{D98898F0-0878-4F9D-A239-468D3B4183B2}"
	ProjectSection(SolutionItems) = preProject
		..\.editorconfig = ..\.editorconfig
		..\.gitattributes = ..\.gitattributes
		..\.gitignore = ..\.gitignore
		..\.markdownlint.json = ..\.markdownlint.json
		..\LICENSE.md = ..\LICENSE.md
		..\README.md = ..\README.md
	EndProjectSection
EndProject
Project("{FAE04EC0-301F-11D3-BF4B-00C04F79EFBC}") = "MathematicsNotationLibrary", "MathematicsNotationLibrary\MathematicsNotationLibrary.csproj", "{4131A644-4243-4D82-9988-A43233713576}"
EndProject
Global
	GlobalSection(SolutionConfigurationPlatforms) = preSolution
		Debug|Any CPU = Debug|Any CPU
		Debug|x64 = Debug|x64
		Debug|x86 = Debug|x86
		Release|Any CPU = Release|Any CPU
		Release|x64 = Release|x64
		Release|x86 = Release|x86
	EndGlobalSection
	GlobalSection(ProjectConfigurationPlatforms) = postSolution
		{18C7BC1E-C12C-4312-944F-4ECB94A52E14}.Debug|Any CPU.ActiveCfg = Debug|Any CPU
		{18C7BC1E-C12C-4312-944F-4ECB94A52E14}.Debug|Any CPU.Build.0 = Debug|Any CPU
		{18C7BC1E-C12C-4312-944F-4ECB94A52E14}.Debug|x64.ActiveCfg = Debug|x64
		{18C7BC1E-C12C-4312-944F-4ECB94A52E14}.Debug|x64.Build.0 = Debug|x64
		{18C7BC1E-C12C-4312-944F-4ECB94A52E14}.Debug|x86.ActiveCfg = Debug|x86
		{18C7BC1E-C12C-4312-944F-4ECB94A52E14}.Debug|x86.Build.0 = Debug|x86
		{18C7BC1E-C12C-4312-944F-4ECB94A52E14}.Release|Any CPU.ActiveCfg = Release|Any CPU
		{18C7BC1E-C12C-4312-944F-4ECB94A52E14}.Release|Any CPU.Build.0 = Release|Any CPU
		{18C7BC1E-C12C-4312-944F-4ECB94A52E14}.Release|x64.ActiveCfg = Release|x64
		{18C7BC1E-C12C-4312-944F-4ECB94A52E14}.Release|x64.Build.0 = Release|x64
		{18C7BC1E-C12C-4312-944F-4ECB94A52E14}.Release|x86.ActiveCfg = Release|x86
		{18C7BC1E-C12C-4312-944F-4ECB94A52E14}.Release|x86.Build.0 = Release|x86
		{16405443-9B96-4AC8-B37A-3ADA0C65E8C8}.Debug|Any CPU.ActiveCfg = Debug|Any CPU
		{16405443-9B96-4AC8-B37A-3ADA0C65E8C8}.Debug|Any CPU.Build.0 = Debug|Any CPU
		{16405443-9B96-4AC8-B37A-3ADA0C65E8C8}.Debug|x64.ActiveCfg = Debug|x64
		{16405443-9B96-4AC8-B37A-3ADA0C65E8C8}.Debug|x64.Build.0 = Debug|x64
		{16405443-9B96-4AC8-B37A-3ADA0C65E8C8}.Debug|x86.ActiveCfg = Debug|x86
		{16405443-9B96-4AC8-B37A-3ADA0C65E8C8}.Debug|x86.Build.0 = Debug|x86
		{16405443-9B96-4AC8-B37A-3ADA0C65E8C8}.Release|Any CPU.ActiveCfg = Release|Any CPU
		{16405443-9B96-4AC8-B37A-3ADA0C65E8C8}.Release|Any CPU.Build.0 = Release|Any CPU
		{16405443-9B96-4AC8-B37A-3ADA0C65E8C8}.Release|x64.ActiveCfg = Release|x64
		{16405443-9B96-4AC8-B37A-3ADA0C65E8C8}.Release|x64.Build.0 = Release|x64
		{16405443-9B96-4AC8-B37A-3ADA0C65E8C8}.Release|x86.ActiveCfg = Release|x86
		{16405443-9B96-4AC8-B37A-3ADA0C65E8C8}.Release|x86.Build.0 = Release|x86
		{4131A644-4243-4D82-9988-A43233713576}.Debug|Any CPU.ActiveCfg = Debug|Any CPU
		{4131A644-4243-4D82-9988-A43233713576}.Debug|Any CPU.Build.0 = Debug|Any CPU
		{4131A644-4243-4D82-9988-A43233713576}.Debug|x64.ActiveCfg = Debug|Any CPU
		{4131A644-4243-4D82-9988-A43233713576}.Debug|x64.Build.0 = Debug|Any CPU
		{4131A644-4243-4D82-9988-A43233713576}.Debug|x86.ActiveCfg = Debug|Any CPU
		{4131A644-4243-4D82-9988-A43233713576}.Debug|x86.Build.0 = Debug|Any CPU
		{4131A644-4243-4D82-9988-A43233713576}.Release|Any CPU.ActiveCfg = Release|Any CPU
		{4131A644-4243-4D82-9988-A43233713576}.Release|Any CPU.Build.0 = Release|Any CPU
		{4131A644-4243-4D82-9988-A43233713576}.Release|x64.ActiveCfg = Release|Any CPU
		{4131A644-4243-4D82-9988-A43233713576}.Release|x64.Build.0 = Release|Any CPU
		{4131A644-4243-4D82-9988-A43233713576}.Release|x86.ActiveCfg = Release|Any CPU
		{4131A644-4243-4D82-9988-A43233713576}.Release|x86.Build.0 = Release|Any CPU
	EndGlobalSection
	GlobalSection(SolutionProperties) = preSolution
		HideSolutionNode = FALSE
	EndGlobalSection
	GlobalSection(ExtensibilityGlobals) = postSolution
		SolutionGuid = {68F010BF-FAB8-4CE6-B60F-BF1B2A8F7424}
	EndGlobalSection
EndGlobal
